
Microsoft Visual Studio Solution File, Format Version 12.00
# Visual Studio Version 17
VisualStudioVersion = 17.2.32422.2
MinimumVisualStudioVersion = 10.0.40219.1
Project("{9092AA53-FB77-4645-B42D-1CCCA6BD08BD}") = "src.routes.about.svelte", "src.routes.about.svelte.njsproj", "{D382EBB8-3400-4982-8506-9D24D852AFB1}"
EndProject
Global
	GlobalSection(SolutionConfigurationPlatforms) = preSolution
		Debug|Any CPU = Debug|Any CPU
		Release|Any CPU = Release|Any CPU
	EndGlobalSection
	GlobalSection(ProjectConfigurationPlatforms) = postSolution
		{D382EBB8-3400-4982-8506-9D24D852AFB1}.Debug|Any CPU.ActiveCfg = Debug|Any CPU
		{D382EBB8-3400-4982-8506-9D24D852AFB1}.Debug|Any CPU.Build.0 = Debug|Any CPU
		{D382EBB8-3400-4982-8506-9D24D852AFB1}.Release|Any CPU.ActiveCfg = Release|Any CPU
		{D382EBB8-3400-4982-8506-9D24D852AFB1}.Release|Any CPU.Build.0 = Release|Any CPU
	EndGlobalSection
	GlobalSection(SolutionProperties) = preSolution
		HideSolutionNode = FALSE
	EndGlobalSection
	GlobalSection(ExtensibilityGlobals) = postSolution
		SolutionGuid = {E1A96BEF-A7B0-4F21-8F77-2489F1531F10}
	EndGlobalSection
EndGlobal
