
Microsoft Visual Studio Solution File, Format Version 12.00
# Visual Studio Version 17
VisualStudioVersion = 17.2.32422.2
MinimumVisualStudioVersion = 10.0.40219.1
Project("{9092AA53-FB77-4645-B42D-1CCCA6BD08BD}") = "src.routes__layout.svelte", "src.routes__layout.svelte.njsproj", "{C6CDCBF4-7CEE-46E5-9589-187281A31444}"
EndProject
Global
	GlobalSection(SolutionConfigurationPlatforms) = preSolution
		Debug|Any CPU = Debug|Any CPU
		Release|Any CPU = Release|Any CPU
	EndGlobalSection
	GlobalSection(ProjectConfigurationPlatforms) = postSolution
		{C6CDCBF4-7CEE-46E5-9589-187281A31444}.Debug|Any CPU.ActiveCfg = Debug|Any CPU
		{C6CDCBF4-7CEE-46E5-9589-187281A31444}.Debug|Any CPU.Build.0 = Debug|Any CPU
		{C6CDCBF4-7CEE-46E5-9589-187281A31444}.Release|Any CPU.ActiveCfg = Release|Any CPU
		{C6CDCBF4-7CEE-46E5-9589-187281A31444}.Release|Any CPU.Build.0 = Release|Any CPU
	EndGlobalSection
	GlobalSection(SolutionProperties) = preSolution
		HideSolutionNode = FALSE
	EndGlobalSection
	GlobalSection(ExtensibilityGlobals) = postSolution
		SolutionGuid = {EC478CEB-4124-47FB-BB7F-24A2DC091956}
	EndGlobalSection
EndGlobal
