
Microsoft Visual Studio Solution File, Format Version 12.00
# Visual Studio Version 17
VisualStudioVersion = 17.2.32422.2
MinimumVisualStudioVersion = 10.0.40219.1
Project("{9092AA53-FB77-4645-B42D-1CCCA6BD08BD}") = "src.lib.form.js", "src.lib.form.js.njsproj", "{6E82AC0F-162E-4B08-99B5-D48D54820DB8}"
EndProject
Global
	GlobalSection(SolutionConfigurationPlatforms) = preSolution
		Debug|Any CPU = Debug|Any CPU
		Release|Any CPU = Release|Any CPU
	EndGlobalSection
	GlobalSection(ProjectConfigurationPlatforms) = postSolution
		{6E82AC0F-162E-4B08-99B5-D48D54820DB8}.Debug|Any CPU.ActiveCfg = Debug|Any CPU
		{6E82AC0F-162E-4B08-99B5-D48D54820DB8}.Debug|Any CPU.Build.0 = Debug|Any CPU
		{6E82AC0F-162E-4B08-99B5-D48D54820DB8}.Release|Any CPU.ActiveCfg = Release|Any CPU
		{6E82AC0F-162E-4B08-99B5-D48D54820DB8}.Release|Any CPU.Build.0 = Release|Any CPU
	EndGlobalSection
	GlobalSection(SolutionProperties) = preSolution
		HideSolutionNode = FALSE
	EndGlobalSection
	GlobalSection(ExtensibilityGlobals) = postSolution
		SolutionGuid = {4B201A77-E81E-4B3D-B38A-BF1B8D6BF5A0}
	EndGlobalSection
EndGlobal
