
Microsoft Visual Studio Solution File, Format Version 12.00
# Visual Studio Version 17
VisualStudioVersion = 17.2.32422.2
MinimumVisualStudioVersion = 10.0.40219.1
Project("{9092AA53-FB77-4645-B42D-1CCCA6BD08BD}") = "src.routes.todos.index.js", "src.routes.todos.index.js.njsproj", "{34038913-9279-415B-94E4-E130E2E697E2}"
EndProject
Global
	GlobalSection(SolutionConfigurationPlatforms) = preSolution
		Debug|Any CPU = Debug|Any CPU
		Release|Any CPU = Release|Any CPU
	EndGlobalSection
	GlobalSection(ProjectConfigurationPlatforms) = postSolution
		{34038913-9279-415B-94E4-E130E2E697E2}.Debug|Any CPU.ActiveCfg = Debug|Any CPU
		{34038913-9279-415B-94E4-E130E2E697E2}.Debug|Any CPU.Build.0 = Debug|Any CPU
		{34038913-9279-415B-94E4-E130E2E697E2}.Release|Any CPU.ActiveCfg = Release|Any CPU
		{34038913-9279-415B-94E4-E130E2E697E2}.Release|Any CPU.Build.0 = Release|Any CPU
	EndGlobalSection
	GlobalSection(SolutionProperties) = preSolution
		HideSolutionNode = FALSE
	EndGlobalSection
	GlobalSection(ExtensibilityGlobals) = postSolution
		SolutionGuid = {797870A8-39E2-449F-BA38-27A74FD72CBE}
	EndGlobalSection
EndGlobal
